
Microsoft Visual Studio Solution File, Format Version 12.00
# Visual Studio 14
VisualStudioVersion = 14.0.25420.1
MinimumVisualStudioVersion = 10.0.40219.1
Project("{2150E333-8FDC-42A3-9474-1A3956D46DE8}") = "Model", "Model", "{75F36BAF-3EA1-4A06-86C9-CFC32E282CCF}"
EndProject
Project("{FAE04EC0-301F-11D3-BF4B-00C04F79EFBC}") = "HTGL.Model", "HTGL.Model\HTGL.Model.csproj", "{210B3E3F-5630-476A-997E-F6E735424EFC}"
EndProject
Project("{2150E333-8FDC-42A3-9474-1A3956D46DE8}") = "Core", "Core", "{79E56C66-CE6C-4609-BE82-8DE7F0E1D8F9}"
EndProject
Project("{FAE04EC0-301F-11D3-BF4B-00C04F79EFBC}") = "HTGL.Repository.EF", "HTGL.Repository.EF\HTGL.Repository.EF.csproj", "{C7498D52-425F-4082-8560-416B0FEBF8BE}"
EndProject
Project("{2150E333-8FDC-42A3-9474-1A3956D46DE8}") = "Service", "Service", "{4D6E406A-4C82-49F7-AAAE-B8CAF2E17766}"
EndProject
Project("{FAE04EC0-301F-11D3-BF4B-00C04F79EFBC}") = "HTGL.Service", "HTGL.Service\HTGL.Service.csproj", "{59BED2A8-A507-4DB0-A932-9067BE15A665}"
EndProject
Project("{FAE04EC0-301F-11D3-BF4B-00C04F79EFBC}") = "HTGL.UI.Portal", "HTGL.UI.Portal\HTGL.UI.Portal.csproj", "{5AF12537-ED0F-47CE-886E-5889EAFD3AFD}"
EndProject
Project("{FAE04EC0-301F-11D3-BF4B-00C04F79EFBC}") = "HTGL.Data", "HTGL.Data\HTGL.Data.csproj", "{4150EE35-5197-4AAE-98CA-2777ECA8C421}"
EndProject
Project("{FAE04EC0-301F-11D3-BF4B-00C04F79EFBC}") = "HTGL.Component.Tools", "HTGL.Component.Tools\HTGL.Component.Tools.csproj", "{E824EE20-20EE-4A4F-AA4A-80830B7AD867}"
EndProject
Global
	GlobalSection(SolutionConfigurationPlatforms) = preSolution
		Debug|Any CPU = Debug|Any CPU
		Release|Any CPU = Release|Any CPU
	EndGlobalSection
	GlobalSection(ProjectConfigurationPlatforms) = postSolution
		{210B3E3F-5630-476A-997E-F6E735424EFC}.Debug|Any CPU.ActiveCfg = Debug|Any CPU
		{210B3E3F-5630-476A-997E-F6E735424EFC}.Debug|Any CPU.Build.0 = Debug|Any CPU
		{210B3E3F-5630-476A-997E-F6E735424EFC}.Release|Any CPU.ActiveCfg = Release|Any CPU
		{210B3E3F-5630-476A-997E-F6E735424EFC}.Release|Any CPU.Build.0 = Release|Any CPU
		{C7498D52-425F-4082-8560-416B0FEBF8BE}.Debug|Any CPU.ActiveCfg = Debug|Any CPU
		{C7498D52-425F-4082-8560-416B0FEBF8BE}.Debug|Any CPU.Build.0 = Debug|Any CPU
		{C7498D52-425F-4082-8560-416B0FEBF8BE}.Release|Any CPU.ActiveCfg = Release|Any CPU
		{C7498D52-425F-4082-8560-416B0FEBF8BE}.Release|Any CPU.Build.0 = Release|Any CPU
		{59BED2A8-A507-4DB0-A932-9067BE15A665}.Debug|Any CPU.ActiveCfg = Debug|Any CPU
		{59BED2A8-A507-4DB0-A932-9067BE15A665}.Debug|Any CPU.Build.0 = Debug|Any CPU
		{59BED2A8-A507-4DB0-A932-9067BE15A665}.Release|Any CPU.ActiveCfg = Release|Any CPU
		{59BED2A8-A507-4DB0-A932-9067BE15A665}.Release|Any CPU.Build.0 = Release|Any CPU
		{5AF12537-ED0F-47CE-886E-5889EAFD3AFD}.Debug|Any CPU.ActiveCfg = Debug|Any CPU
		{5AF12537-ED0F-47CE-886E-5889EAFD3AFD}.Debug|Any CPU.Build.0 = Debug|Any CPU
		{5AF12537-ED0F-47CE-886E-5889EAFD3AFD}.Release|Any CPU.ActiveCfg = Release|Any CPU
		{5AF12537-ED0F-47CE-886E-5889EAFD3AFD}.Release|Any CPU.Build.0 = Release|Any CPU
		{4150EE35-5197-4AAE-98CA-2777ECA8C421}.Debug|Any CPU.ActiveCfg = Debug|Any CPU
		{4150EE35-5197-4AAE-98CA-2777ECA8C421}.Debug|Any CPU.Build.0 = Debug|Any CPU
		{4150EE35-5197-4AAE-98CA-2777ECA8C421}.Release|Any CPU.ActiveCfg = Release|Any CPU
		{4150EE35-5197-4AAE-98CA-2777ECA8C421}.Release|Any CPU.Build.0 = Release|Any CPU
		{E824EE20-20EE-4A4F-AA4A-80830B7AD867}.Debug|Any CPU.ActiveCfg = Debug|Any CPU
		{E824EE20-20EE-4A4F-AA4A-80830B7AD867}.Debug|Any CPU.Build.0 = Debug|Any CPU
		{E824EE20-20EE-4A4F-AA4A-80830B7AD867}.Release|Any CPU.ActiveCfg = Release|Any CPU
		{E824EE20-20EE-4A4F-AA4A-80830B7AD867}.Release|Any CPU.Build.0 = Release|Any CPU
	EndGlobalSection
	GlobalSection(SolutionProperties) = preSolution
		HideSolutionNode = FALSE
	EndGlobalSection
	GlobalSection(NestedProjects) = preSolution
		{210B3E3F-5630-476A-997E-F6E735424EFC} = {75F36BAF-3EA1-4A06-86C9-CFC32E282CCF}
		{C7498D52-425F-4082-8560-416B0FEBF8BE} = {79E56C66-CE6C-4609-BE82-8DE7F0E1D8F9}
		{59BED2A8-A507-4DB0-A932-9067BE15A665} = {4D6E406A-4C82-49F7-AAAE-B8CAF2E17766}
		{4150EE35-5197-4AAE-98CA-2777ECA8C421} = {79E56C66-CE6C-4609-BE82-8DE7F0E1D8F9}
		{E824EE20-20EE-4A4F-AA4A-80830B7AD867} = {75F36BAF-3EA1-4A06-86C9-CFC32E282CCF}
	EndGlobalSection
EndGlobal
